
Microsoft Visual Studio Solution File, Format Version 12.00
# Visual Studio 15
VisualStudioVersion = 15.0.26730.16
MinimumVisualStudioVersion = 10.0.40219.1
Project("{2150E333-8FDC-42A3-9474-1A3956D46DE8}") = "SvgControlSample001", "SvgControlSample001", "{9556AC40-7D70-4B5C-9079-BA1445817268}"
EndProject
Project("{FAE04EC0-301F-11D3-BF4B-00C04F79EFBC}") = "SvgControlSample01.Android", "SvgControlSample01\SvgControlSample01.Android\SvgControlSample01.Android.csproj", "{1E0A257C-8D60-490E-9797-0075618E7107}"
EndProject
Project("{FAE04EC0-301F-11D3-BF4B-00C04F79EFBC}") = "SvgControlSample01", "SvgControlSample01\SvgControlSample01\SvgControlSample01.csproj", "{E9659B5D-0DA5-4176-B4F7-CC4739E3CE45}"
EndProject
Project("{FAE04EC0-301F-11D3-BF4B-00C04F79EFBC}") = "SvgControlSample01.UWP", "SvgControlSample01\SvgControlSample01.UWP\SvgControlSample01.UWP.csproj", "{58D95DDB-B284-43B3-BD29-08E1F0FBE655}"
EndProject
Project("{FAE04EC0-301F-11D3-BF4B-00C04F79EFBC}") = "SvgControlSample01.iOS", "SvgControlSample01\SvgControlSample01.iOS\SvgControlSample01.iOS.csproj", "{CEADC53C-F6C0-4457-8842-A23566B41BDE}"
EndProject
Global
	GlobalSection(SolutionConfigurationPlatforms) = preSolution
		Ad-Hoc|Any CPU = Ad-Hoc|Any CPU
		Ad-Hoc|ARM = Ad-Hoc|ARM
		Ad-Hoc|iPhone = Ad-Hoc|iPhone
		Ad-Hoc|iPhoneSimulator = Ad-Hoc|iPhoneSimulator
		Ad-Hoc|x64 = Ad-Hoc|x64
		Ad-Hoc|x86 = Ad-Hoc|x86
		AppStore|Any CPU = AppStore|Any CPU
		AppStore|ARM = AppStore|ARM
		AppStore|iPhone = AppStore|iPhone
		AppStore|iPhoneSimulator = AppStore|iPhoneSimulator
		AppStore|x64 = AppStore|x64
		AppStore|x86 = AppStore|x86
		Debug|Any CPU = Debug|Any CPU
		Debug|ARM = Debug|ARM
		Debug|iPhone = Debug|iPhone
		Debug|iPhoneSimulator = Debug|iPhoneSimulator
		Debug|x64 = Debug|x64
		Debug|x86 = Debug|x86
		Release|Any CPU = Release|Any CPU
		Release|ARM = Release|ARM
		Release|iPhone = Release|iPhone
		Release|iPhoneSimulator = Release|iPhoneSimulator
		Release|x64 = Release|x64
		Release|x86 = Release|x86
	EndGlobalSection
	GlobalSection(ProjectConfigurationPlatforms) = postSolution
		{1E0A257C-8D60-490E-9797-0075618E7107}.Ad-Hoc|Any CPU.ActiveCfg = Release|Any CPU
		{1E0A257C-8D60-490E-9797-0075618E7107}.Ad-Hoc|Any CPU.Build.0 = Release|Any CPU
		{1E0A257C-8D60-490E-9797-0075618E7107}.Ad-Hoc|Any CPU.Deploy.0 = Release|Any CPU
		{1E0A257C-8D60-490E-9797-0075618E7107}.Ad-Hoc|ARM.ActiveCfg = Release|Any CPU
		{1E0A257C-8D60-490E-9797-0075618E7107}.Ad-Hoc|ARM.Build.0 = Release|Any CPU
		{1E0A257C-8D60-490E-9797-0075618E7107}.Ad-Hoc|ARM.Deploy.0 = Release|Any CPU
		{1E0A257C-8D60-490E-9797-0075618E7107}.Ad-Hoc|iPhone.ActiveCfg = Release|Any CPU
		{1E0A257C-8D60-490E-9797-0075618E7107}.Ad-Hoc|iPhone.Build.0 = Release|Any CPU
		{1E0A257C-8D60-490E-9797-0075618E7107}.Ad-Hoc|iPhone.Deploy.0 = Release|Any CPU
		{1E0A257C-8D60-490E-9797-0075618E7107}.Ad-Hoc|iPhoneSimulator.ActiveCfg = Release|Any CPU
		{1E0A257C-8D60-490E-9797-0075618E7107}.Ad-Hoc|iPhoneSimulator.Build.0 = Release|Any CPU
		{1E0A257C-8D60-490E-9797-0075618E7107}.Ad-Hoc|iPhoneSimulator.Deploy.0 = Release|Any CPU
		{1E0A257C-8D60-490E-9797-0075618E7107}.Ad-Hoc|x64.ActiveCfg = Release|Any CPU
		{1E0A257C-8D60-490E-9797-0075618E7107}.Ad-Hoc|x64.Build.0 = Release|Any CPU
		{1E0A257C-8D60-490E-9797-0075618E7107}.Ad-Hoc|x64.Deploy.0 = Release|Any CPU
		{1E0A257C-8D60-490E-9797-0075618E7107}.Ad-Hoc|x86.ActiveCfg = Release|Any CPU
		{1E0A257C-8D60-490E-9797-0075618E7107}.Ad-Hoc|x86.Build.0 = Release|Any CPU
		{1E0A257C-8D60-490E-9797-0075618E7107}.Ad-Hoc|x86.Deploy.0 = Release|Any CPU
		{1E0A257C-8D60-490E-9797-0075618E7107}.AppStore|Any CPU.ActiveCfg = Release|Any CPU
		{1E0A257C-8D60-490E-9797-0075618E7107}.AppStore|Any CPU.Build.0 = Release|Any CPU
		{1E0A257C-8D60-490E-9797-0075618E7107}.AppStore|Any CPU.Deploy.0 = Release|Any CPU
		{1E0A257C-8D60-490E-9797-0075618E7107}.AppStore|ARM.ActiveCfg = Release|Any CPU
		{1E0A257C-8D60-490E-9797-0075618E7107}.AppStore|ARM.Build.0 = Release|Any CPU
		{1E0A257C-8D60-490E-9797-0075618E7107}.AppStore|ARM.Deploy.0 = Release|Any CPU
		{1E0A257C-8D60-490E-9797-0075618E7107}.AppStore|iPhone.ActiveCfg = Release|Any CPU
		{1E0A257C-8D60-490E-9797-0075618E7107}.AppStore|iPhone.Build.0 = Release|Any CPU
		{1E0A257C-8D60-490E-9797-0075618E7107}.AppStore|iPhone.Deploy.0 = Release|Any CPU
		{1E0A257C-8D60-490E-9797-0075618E7107}.AppStore|iPhoneSimulator.ActiveCfg = Release|Any CPU
		{1E0A257C-8D60-490E-9797-0075618E7107}.AppStore|iPhoneSimulator.Build.0 = Release|Any CPU
		{1E0A257C-8D60-490E-9797-0075618E7107}.AppStore|iPhoneSimulator.Deploy.0 = Release|Any CPU
		{1E0A257C-8D60-490E-9797-0075618E7107}.AppStore|x64.ActiveCfg = Release|Any CPU
		{1E0A257C-8D60-490E-9797-0075618E7107}.AppStore|x64.Build.0 = Release|Any CPU
		{1E0A257C-8D60-490E-9797-0075618E7107}.AppStore|x64.Deploy.0 = Release|Any CPU
		{1E0A257C-8D60-490E-9797-0075618E7107}.AppStore|x86.ActiveCfg = Release|Any CPU
		{1E0A257C-8D60-490E-9797-0075618E7107}.AppStore|x86.Build.0 = Release|Any CPU
		{1E0A257C-8D60-490E-9797-0075618E7107}.AppStore|x86.Deploy.0 = Release|Any CPU
		{1E0A257C-8D60-490E-9797-0075618E7107}.Debug|Any CPU.ActiveCfg = Debug|Any CPU
		{1E0A257C-8D60-490E-9797-0075618E7107}.Debug|Any CPU.Build.0 = Debug|Any CPU
		{1E0A257C-8D60-490E-9797-0075618E7107}.Debug|Any CPU.Deploy.0 = Debug|Any CPU
		{1E0A257C-8D60-490E-9797-0075618E7107}.Debug|ARM.ActiveCfg = Debug|Any CPU
		{1E0A257C-8D60-490E-9797-0075618E7107}.Debug|ARM.Build.0 = Debug|Any CPU
		{1E0A257C-8D60-490E-9797-0075618E7107}.Debug|ARM.Deploy.0 = Debug|Any CPU
		{1E0A257C-8D60-490E-9797-0075618E7107}.Debug|iPhone.ActiveCfg = Debug|Any CPU
		{1E0A257C-8D60-490E-9797-0075618E7107}.Debug|iPhone.Build.0 = Debug|Any CPU
		{1E0A257C-8D60-490E-9797-0075618E7107}.Debug|iPhone.Deploy.0 = Debug|Any CPU
		{1E0A257C-8D60-490E-9797-0075618E7107}.Debug|iPhoneSimulator.ActiveCfg = Debug|Any CPU
		{1E0A257C-8D60-490E-9797-0075618E7107}.Debug|iPhoneSimulator.Build.0 = Debug|Any CPU
		{1E0A257C-8D60-490E-9797-0075618E7107}.Debug|iPhoneSimulator.Deploy.0 = Debug|Any CPU
		{1E0A257C-8D60-490E-9797-0075618E7107}.Debug|x64.ActiveCfg = Debug|Any CPU
		{1E0A257C-8D60-490E-9797-0075618E7107}.Debug|x64.Build.0 = Debug|Any CPU
		{1E0A257C-8D60-490E-9797-0075618E7107}.Debug|x64.Deploy.0 = Debug|Any CPU
		{1E0A257C-8D60-490E-9797-0075618E7107}.Debug|x86.ActiveCfg = Debug|Any CPU
		{1E0A257C-8D60-490E-9797-0075618E7107}.Debug|x86.Build.0 = Debug|Any CPU
		{1E0A257C-8D60-490E-9797-0075618E7107}.Debug|x86.Deploy.0 = Debug|Any CPU
		{1E0A257C-8D60-490E-9797-0075618E7107}.Release|Any CPU.ActiveCfg = Release|Any CPU
		{1E0A257C-8D60-490E-9797-0075618E7107}.Release|Any CPU.Build.0 = Release|Any CPU
		{1E0A257C-8D60-490E-9797-0075618E7107}.Release|Any CPU.Deploy.0 = Release|Any CPU
		{1E0A257C-8D60-490E-9797-0075618E7107}.Release|ARM.ActiveCfg = Release|Any CPU
		{1E0A257C-8D60-490E-9797-0075618E7107}.Release|ARM.Build.0 = Release|Any CPU
		{1E0A257C-8D60-490E-9797-0075618E7107}.Release|ARM.Deploy.0 = Release|Any CPU
		{1E0A257C-8D60-490E-9797-0075618E7107}.Release|iPhone.ActiveCfg = Release|Any CPU
		{1E0A257C-8D60-490E-9797-0075618E7107}.Release|iPhone.Build.0 = Release|Any CPU
		{1E0A257C-8D60-490E-9797-0075618E7107}.Release|iPhone.Deploy.0 = Release|Any CPU
		{1E0A257C-8D60-490E-9797-0075618E7107}.Release|iPhoneSimulator.ActiveCfg = Release|Any CPU
		{1E0A257C-8D60-490E-9797-0075618E7107}.Release|iPhoneSimulator.Build.0 = Release|Any CPU
		{1E0A257C-8D60-490E-9797-0075618E7107}.Release|iPhoneSimulator.Deploy.0 = Release|Any CPU
		{1E0A257C-8D60-490E-9797-0075618E7107}.Release|x64.ActiveCfg = Release|Any CPU
		{1E0A257C-8D60-490E-9797-0075618E7107}.Release|x64.Build.0 = Release|Any CPU
		{1E0A257C-8D60-490E-9797-0075618E7107}.Release|x64.Deploy.0 = Release|Any CPU
		{1E0A257C-8D60-490E-9797-0075618E7107}.Release|x86.ActiveCfg = Release|Any CPU
		{1E0A257C-8D60-490E-9797-0075618E7107}.Release|x86.Build.0 = Release|Any CPU
		{1E0A257C-8D60-490E-9797-0075618E7107}.Release|x86.Deploy.0 = Release|Any CPU
		{E9659B5D-0DA5-4176-B4F7-CC4739E3CE45}.Ad-Hoc|Any CPU.ActiveCfg = Release|Any CPU
		{E9659B5D-0DA5-4176-B4F7-CC4739E3CE45}.Ad-Hoc|Any CPU.Build.0 = Release|Any CPU
		{E9659B5D-0DA5-4176-B4F7-CC4739E3CE45}.Ad-Hoc|ARM.ActiveCfg = Release|Any CPU
		{E9659B5D-0DA5-4176-B4F7-CC4739E3CE45}.Ad-Hoc|ARM.Build.0 = Release|Any CPU
		{E9659B5D-0DA5-4176-B4F7-CC4739E3CE45}.Ad-Hoc|iPhone.ActiveCfg = Release|Any CPU
		{E9659B5D-0DA5-4176-B4F7-CC4739E3CE45}.Ad-Hoc|iPhone.Build.0 = Release|Any CPU
		{E9659B5D-0DA5-4176-B4F7-CC4739E3CE45}.Ad-Hoc|iPhoneSimulator.ActiveCfg = Release|Any CPU
		{E9659B5D-0DA5-4176-B4F7-CC4739E3CE45}.Ad-Hoc|iPhoneSimulator.Build.0 = Release|Any CPU
		{E9659B5D-0DA5-4176-B4F7-CC4739E3CE45}.Ad-Hoc|x64.ActiveCfg = Release|Any CPU
		{E9659B5D-0DA5-4176-B4F7-CC4739E3CE45}.Ad-Hoc|x64.Build.0 = Release|Any CPU
		{E9659B5D-0DA5-4176-B4F7-CC4739E3CE45}.Ad-Hoc|x86.ActiveCfg = Release|Any CPU
		{E9659B5D-0DA5-4176-B4F7-CC4739E3CE45}.Ad-Hoc|x86.Build.0 = Release|Any CPU
		{E9659B5D-0DA5-4176-B4F7-CC4739E3CE45}.AppStore|Any CPU.ActiveCfg = Release|Any CPU
		{E9659B5D-0DA5-4176-B4F7-CC4739E3CE45}.AppStore|Any CPU.Build.0 = Release|Any CPU
		{E9659B5D-0DA5-4176-B4F7-CC4739E3CE45}.AppStore|ARM.ActiveCfg = Release|Any CPU
		{E9659B5D-0DA5-4176-B4F7-CC4739E3CE45}.AppStore|ARM.Build.0 = Release|Any CPU
		{E9659B5D-0DA5-4176-B4F7-CC4739E3CE45}.AppStore|iPhone.ActiveCfg = Release|Any CPU
		{E9659B5D-0DA5-4176-B4F7-CC4739E3CE45}.AppStore|iPhone.Build.0 = Release|Any CPU
		{E9659B5D-0DA5-4176-B4F7-CC4739E3CE45}.AppStore|iPhoneSimulator.ActiveCfg = Release|Any CPU
		{E9659B5D-0DA5-4176-B4F7-CC4739E3CE45}.AppStore|iPhoneSimulator.Build.0 = Release|Any CPU
		{E9659B5D-0DA5-4176-B4F7-CC4739E3CE45}.AppStore|x64.ActiveCfg = Release|Any CPU
		{E9659B5D-0DA5-4176-B4F7-CC4739E3CE45}.AppStore|x64.Build.0 = Release|Any CPU
		{E9659B5D-0DA5-4176-B4F7-CC4739E3CE45}.AppStore|x86.ActiveCfg = Release|Any CPU
		{E9659B5D-0DA5-4176-B4F7-CC4739E3CE45}.AppStore|x86.Build.0 = Release|Any CPU
		{E9659B5D-0DA5-4176-B4F7-CC4739E3CE45}.Debug|Any CPU.ActiveCfg = Debug|Any CPU
		{E9659B5D-0DA5-4176-B4F7-CC4739E3CE45}.Debug|Any CPU.Build.0 = Debug|Any CPU
		{E9659B5D-0DA5-4176-B4F7-CC4739E3CE45}.Debug|ARM.ActiveCfg = Debug|Any CPU
		{E9659B5D-0DA5-4176-B4F7-CC4739E3CE45}.Debug|ARM.Build.0 = Debug|Any CPU
		{E9659B5D-0DA5-4176-B4F7-CC4739E3CE45}.Debug|iPhone.ActiveCfg = Debug|Any CPU
		{E9659B5D-0DA5-4176-B4F7-CC4739E3CE45}.Debug|iPhone.Build.0 = Debug|Any CPU
		{E9659B5D-0DA5-4176-B4F7-CC4739E3CE45}.Debug|iPhoneSimulator.ActiveCfg = Debug|Any CPU
		{E9659B5D-0DA5-4176-B4F7-CC4739E3CE45}.Debug|iPhoneSimulator.Build.0 = Debug|Any CPU
		{E9659B5D-0DA5-4176-B4F7-CC4739E3CE45}.Debug|x64.ActiveCfg = Debug|Any CPU
		{E9659B5D-0DA5-4176-B4F7-CC4739E3CE45}.Debug|x64.Build.0 = Debug|Any CPU
		{E9659B5D-0DA5-4176-B4F7-CC4739E3CE45}.Debug|x86.ActiveCfg = Debug|Any CPU
		{E9659B5D-0DA5-4176-B4F7-CC4739E3CE45}.Debug|x86.Build.0 = Debug|Any CPU
		{E9659B5D-0DA5-4176-B4F7-CC4739E3CE45}.Release|Any CPU.ActiveCfg = Release|Any CPU
		{E9659B5D-0DA5-4176-B4F7-CC4739E3CE45}.Release|Any CPU.Build.0 = Release|Any CPU
		{E9659B5D-0DA5-4176-B4F7-CC4739E3CE45}.Release|ARM.ActiveCfg = Release|Any CPU
		{E9659B5D-0DA5-4176-B4F7-CC4739E3CE45}.Release|ARM.Build.0 = Release|Any CPU
		{E9659B5D-0DA5-4176-B4F7-CC4739E3CE45}.Release|iPhone.ActiveCfg = Release|Any CPU
		{E9659B5D-0DA5-4176-B4F7-CC4739E3CE45}.Release|iPhone.Build.0 = Release|Any CPU
		{E9659B5D-0DA5-4176-B4F7-CC4739E3CE45}.Release|iPhoneSimulator.ActiveCfg = Release|Any CPU
		{E9659B5D-0DA5-4176-B4F7-CC4739E3CE45}.Release|iPhoneSimulator.Build.0 = Release|Any CPU
		{E9659B5D-0DA5-4176-B4F7-CC4739E3CE45}.Release|x64.ActiveCfg = Release|Any CPU
		{E9659B5D-0DA5-4176-B4F7-CC4739E3CE45}.Release|x64.Build.0 = Release|Any CPU
		{E9659B5D-0DA5-4176-B4F7-CC4739E3CE45}.Release|x86.ActiveCfg = Release|Any CPU
		{E9659B5D-0DA5-4176-B4F7-CC4739E3CE45}.Release|x86.Build.0 = Release|Any CPU
		{58D95DDB-B284-43B3-BD29-08E1F0FBE655}.Ad-Hoc|Any CPU.ActiveCfg = Release|x86
		{58D95DDB-B284-43B3-BD29-08E1F0FBE655}.Ad-Hoc|Any CPU.Build.0 = Release|x86
		{58D95DDB-B284-43B3-BD29-08E1F0FBE655}.Ad-Hoc|Any CPU.Deploy.0 = Release|x86
		{58D95DDB-B284-43B3-BD29-08E1F0FBE655}.Ad-Hoc|ARM.ActiveCfg = Release|ARM
		{58D95DDB-B284-43B3-BD29-08E1F0FBE655}.Ad-Hoc|ARM.Build.0 = Release|ARM
		{58D95DDB-B284-43B3-BD29-08E1F0FBE655}.Ad-Hoc|ARM.Deploy.0 = Release|ARM
		{58D95DDB-B284-43B3-BD29-08E1F0FBE655}.Ad-Hoc|iPhone.ActiveCfg = Release|x86
		{58D95DDB-B284-43B3-BD29-08E1F0FBE655}.Ad-Hoc|iPhone.Build.0 = Release|x86
		{58D95DDB-B284-43B3-BD29-08E1F0FBE655}.Ad-Hoc|iPhone.Deploy.0 = Release|x86
		{58D95DDB-B284-43B3-BD29-08E1F0FBE655}.Ad-Hoc|iPhoneSimulator.ActiveCfg = Release|x86
		{58D95DDB-B284-43B3-BD29-08E1F0FBE655}.Ad-Hoc|iPhoneSimulator.Build.0 = Release|x86
		{58D95DDB-B284-43B3-BD29-08E1F0FBE655}.Ad-Hoc|iPhoneSimulator.Deploy.0 = Release|x86
		{58D95DDB-B284-43B3-BD29-08E1F0FBE655}.Ad-Hoc|x64.ActiveCfg = Release|x64
		{58D95DDB-B284-43B3-BD29-08E1F0FBE655}.Ad-Hoc|x64.Build.0 = Release|x64
		{58D95DDB-B284-43B3-BD29-08E1F0FBE655}.Ad-Hoc|x64.Deploy.0 = Release|x64
		{58D95DDB-B284-43B3-BD29-08E1F0FBE655}.Ad-Hoc|x86.ActiveCfg = Release|x86
		{58D95DDB-B284-43B3-BD29-08E1F0FBE655}.Ad-Hoc|x86.Build.0 = Release|x86
		{58D95DDB-B284-43B3-BD29-08E1F0FBE655}.Ad-Hoc|x86.Deploy.0 = Release|x86
		{58D95DDB-B284-43B3-BD29-08E1F0FBE655}.AppStore|Any CPU.ActiveCfg = Release|x86
		{58D95DDB-B284-43B3-BD29-08E1F0FBE655}.AppStore|Any CPU.Build.0 = Release|x86
		{58D95DDB-B284-43B3-BD29-08E1F0FBE655}.AppStore|Any CPU.Deploy.0 = Release|x86
		{58D95DDB-B284-43B3-BD29-08E1F0FBE655}.AppStore|ARM.ActiveCfg = Release|ARM
		{58D95DDB-B284-43B3-BD29-08E1F0FBE655}.AppStore|ARM.Build.0 = Release|ARM
		{58D95DDB-B284-43B3-BD29-08E1F0FBE655}.AppStore|ARM.Deploy.0 = Release|ARM
		{58D95DDB-B284-43B3-BD29-08E1F0FBE655}.AppStore|iPhone.ActiveCfg = Release|x86
		{58D95DDB-B284-43B3-BD29-08E1F0FBE655}.AppStore|iPhone.Build.0 = Release|x86
		{58D95DDB-B284-43B3-BD29-08E1F0FBE655}.AppStore|iPhone.Deploy.0 = Release|x86
		{58D95DDB-B284-43B3-BD29-08E1F0FBE655}.AppStore|iPhoneSimulator.ActiveCfg = Release|x86
		{58D95DDB-B284-43B3-BD29-08E1F0FBE655}.AppStore|iPhoneSimulator.Build.0 = Release|x86
		{58D95DDB-B284-43B3-BD29-08E1F0FBE655}.AppStore|iPhoneSimulator.Deploy.0 = Release|x86
		{58D95DDB-B284-43B3-BD29-08E1F0FBE655}.AppStore|x64.ActiveCfg = Release|x64
		{58D95DDB-B284-43B3-BD29-08E1F0FBE655}.AppStore|x64.Build.0 = Release|x64
		{58D95DDB-B284-43B3-BD29-08E1F0FBE655}.AppStore|x64.Deploy.0 = Release|x64
		{58D95DDB-B284-43B3-BD29-08E1F0FBE655}.AppStore|x86.ActiveCfg = Release|x86
		{58D95DDB-B284-43B3-BD29-08E1F0FBE655}.AppStore|x86.Build.0 = Release|x86
		{58D95DDB-B284-43B3-BD29-08E1F0FBE655}.AppStore|x86.Deploy.0 = Release|x86
		{58D95DDB-B284-43B3-BD29-08E1F0FBE655}.Debug|Any CPU.ActiveCfg = Debug|x86
		{58D95DDB-B284-43B3-BD29-08E1F0FBE655}.Debug|ARM.ActiveCfg = Debug|ARM
		{58D95DDB-B284-43B3-BD29-08E1F0FBE655}.Debug|ARM.Build.0 = Debug|ARM
		{58D95DDB-B284-43B3-BD29-08E1F0FBE655}.Debug|ARM.Deploy.0 = Debug|ARM
		{58D95DDB-B284-43B3-BD29-08E1F0FBE655}.Debug|iPhone.ActiveCfg = Debug|x86
		{58D95DDB-B284-43B3-BD29-08E1F0FBE655}.Debug|iPhoneSimulator.ActiveCfg = Debug|x86
		{58D95DDB-B284-43B3-BD29-08E1F0FBE655}.Debug|x64.ActiveCfg = Debug|x64
		{58D95DDB-B284-43B3-BD29-08E1F0FBE655}.Debug|x64.Build.0 = Debug|x64
		{58D95DDB-B284-43B3-BD29-08E1F0FBE655}.Debug|x64.Deploy.0 = Debug|x64
		{58D95DDB-B284-43B3-BD29-08E1F0FBE655}.Debug|x86.ActiveCfg = Debug|x86
		{58D95DDB-B284-43B3-BD29-08E1F0FBE655}.Debug|x86.Build.0 = Debug|x86
		{58D95DDB-B284-43B3-BD29-08E1F0FBE655}.Debug|x86.Deploy.0 = Debug|x86
		{58D95DDB-B284-43B3-BD29-08E1F0FBE655}.Release|Any CPU.ActiveCfg = Release|x86
		{58D95DDB-B284-43B3-BD29-08E1F0FBE655}.Release|ARM.ActiveCfg = Release|ARM
		{58D95DDB-B284-43B3-BD29-08E1F0FBE655}.Release|ARM.Build.0 = Release|ARM
		{58D95DDB-B284-43B3-BD29-08E1F0FBE655}.Release|ARM.Deploy.0 = Release|ARM
		{58D95DDB-B284-43B3-BD29-08E1F0FBE655}.Release|iPhone.ActiveCfg = Release|x86
		{58D95DDB-B284-43B3-BD29-08E1F0FBE655}.Release|iPhoneSimulator.ActiveCfg = Release|x86
		{58D95DDB-B284-43B3-BD29-08E1F0FBE655}.Release|x64.ActiveCfg = Release|x64
		{58D95DDB-B284-43B3-BD29-08E1F0FBE655}.Release|x64.Build.0 = Release|x64
		{58D95DDB-B284-43B3-BD29-08E1F0FBE655}.Release|x64.Deploy.0 = Release|x64
		{58D95DDB-B284-43B3-BD29-08E1F0FBE655}.Release|x86.ActiveCfg = Release|x86
		{58D95DDB-B284-43B3-BD29-08E1F0FBE655}.Release|x86.Build.0 = Release|x86
		{58D95DDB-B284-43B3-BD29-08E1F0FBE655}.Release|x86.Deploy.0 = Release|x86
		{CEADC53C-F6C0-4457-8842-A23566B41BDE}.Ad-Hoc|Any CPU.ActiveCfg = Ad-Hoc|iPhone
		{CEADC53C-F6C0-4457-8842-A23566B41BDE}.Ad-Hoc|ARM.ActiveCfg = Ad-Hoc|iPhone
		{CEADC53C-F6C0-4457-8842-A23566B41BDE}.Ad-Hoc|iPhone.ActiveCfg = Ad-Hoc|iPhone
		{CEADC53C-F6C0-4457-8842-A23566B41BDE}.Ad-Hoc|iPhone.Build.0 = Ad-Hoc|iPhone
		{CEADC53C-F6C0-4457-8842-A23566B41BDE}.Ad-Hoc|iPhoneSimulator.ActiveCfg = Ad-Hoc|iPhoneSimulator
		{CEADC53C-F6C0-4457-8842-A23566B41BDE}.Ad-Hoc|iPhoneSimulator.Build.0 = Ad-Hoc|iPhoneSimulator
		{CEADC53C-F6C0-4457-8842-A23566B41BDE}.Ad-Hoc|x64.ActiveCfg = Ad-Hoc|iPhone
		{CEADC53C-F6C0-4457-8842-A23566B41BDE}.Ad-Hoc|x86.ActiveCfg = Ad-Hoc|iPhone
		{CEADC53C-F6C0-4457-8842-A23566B41BDE}.AppStore|Any CPU.ActiveCfg = AppStore|iPhone
		{CEADC53C-F6C0-4457-8842-A23566B41BDE}.AppStore|ARM.ActiveCfg = AppStore|iPhone
		{CEADC53C-F6C0-4457-8842-A23566B41BDE}.AppStore|iPhone.ActiveCfg = AppStore|iPhone
		{CEADC53C-F6C0-4457-8842-A23566B41BDE}.AppStore|iPhone.Build.0 = AppStore|iPhone
		{CEADC53C-F6C0-4457-8842-A23566B41BDE}.AppStore|iPhoneSimulator.ActiveCfg = AppStore|iPhoneSimulator
		{CEADC53C-F6C0-4457-8842-A23566B41BDE}.AppStore|iPhoneSimulator.Build.0 = AppStore|iPhoneSimulator
		{CEADC53C-F6C0-4457-8842-A23566B41BDE}.AppStore|x64.ActiveCfg = AppStore|iPhone
		{CEADC53C-F6C0-4457-8842-A23566B41BDE}.AppStore|x86.ActiveCfg = AppStore|iPhone
		{CEADC53C-F6C0-4457-8842-A23566B41BDE}.Debug|Any CPU.ActiveCfg = Debug|iPhone
		{CEADC53C-F6C0-4457-8842-A23566B41BDE}.Debug|ARM.ActiveCfg = Debug|iPhone
		{CEADC53C-F6C0-4457-8842-A23566B41BDE}.Debug|iPhone.ActiveCfg = Debug|iPhone
		{CEADC53C-F6C0-4457-8842-A23566B41BDE}.Debug|iPhone.Build.0 = Debug|iPhone
		{CEADC53C-F6C0-4457-8842-A23566B41BDE}.Debug|iPhoneSimulator.ActiveCfg = Debug|iPhoneSimulator
		{CEADC53C-F6C0-4457-8842-A23566B41BDE}.Debug|iPhoneSimulator.Build.0 = Debug|iPhoneSimulator
		{CEADC53C-F6C0-4457-8842-A23566B41BDE}.Debug|x64.ActiveCfg = Debug|iPhone
		{CEADC53C-F6C0-4457-8842-A23566B41BDE}.Debug|x86.ActiveCfg = Debug|iPhone
		{CEADC53C-F6C0-4457-8842-A23566B41BDE}.Release|Any CPU.ActiveCfg = Release|iPhone
		{CEADC53C-F6C0-4457-8842-A23566B41BDE}.Release|ARM.ActiveCfg = Release|iPhone
		{CEADC53C-F6C0-4457-8842-A23566B41BDE}.Release|iPhone.ActiveCfg = Release|iPhone
		{CEADC53C-F6C0-4457-8842-A23566B41BDE}.Release|iPhone.Build.0 = Release|iPhone
		{CEADC53C-F6C0-4457-8842-A23566B41BDE}.Release|iPhoneSimulator.ActiveCfg = Release|iPhoneSimulator
		{CEADC53C-F6C0-4457-8842-A23566B41BDE}.Release|iPhoneSimulator.Build.0 = Release|iPhoneSimulator
		{CEADC53C-F6C0-4457-8842-A23566B41BDE}.Release|x64.ActiveCfg = Release|iPhone
		{CEADC53C-F6C0-4457-8842-A23566B41BDE}.Release|x86.ActiveCfg = Release|iPhone
	EndGlobalSection
	GlobalSection(SolutionProperties) = preSolution
		HideSolutionNode = FALSE
	EndGlobalSection
	GlobalSection(NestedProjects) = preSolution
		{1E0A257C-8D60-490E-9797-0075618E7107} = {9556AC40-7D70-4B5C-9079-BA1445817268}
		{E9659B5D-0DA5-4176-B4F7-CC4739E3CE45} = {9556AC40-7D70-4B5C-9079-BA1445817268}
		{58D95DDB-B284-43B3-BD29-08E1F0FBE655} = {9556AC40-7D70-4B5C-9079-BA1445817268}
		{CEADC53C-F6C0-4457-8842-A23566B41BDE} = {9556AC40-7D70-4B5C-9079-BA1445817268}
	EndGlobalSection
	GlobalSection(ExtensibilityGlobals) = postSolution
		SolutionGuid = {C0C4C9AD-9C63-4A8C-87C1-73EE67E8F368}
	EndGlobalSection
EndGlobal
